
Microsoft Visual Studio Solution File, Format Version 12.00
# Visual Studio 15
VisualStudioVersion = 15.0.27703.2047
MinimumVisualStudioVersion = 10.0.40219.1
Project("{9A19103F-16F7-4668-BE54-9A1E7A4F7556}") = "SocketTask", "SocketTask\SocketTask.csproj", "{2702ADD4-6E64-4244-8231-751D5FF2C20B}"
EndProject
Project("{9A19103F-16F7-4668-BE54-9A1E7A4F7556}") = "SocketTask.Models", "SocketTask.Models\SocketTask.Models.csproj", "{2FDABFD0-8AA2-4E7E-8B42-363AAECCFCDA}"
EndProject
Project("{FAE04EC0-301F-11D3-BF4B-00C04F79EFBC}") = "SocketTask.Interfaces", "SocketTask.Interfaces\SocketTask.Interfaces.csproj", "{C0B73732-F68A-4D68-906F-77CDB89350B7}"
EndProject
Project("{FAE04EC0-301F-11D3-BF4B-00C04F79EFBC}") = "SocketTask.Implementarions", "SocketTask.Implementarions\SocketTask.Implementarions.csproj", "{8344412C-A6B9-420F-BDE3-59DB8D67641F}"
EndProject
Project("{FAE04EC0-301F-11D3-BF4B-00C04F79EFBC}") = "SocketTask.DAL", "SocketTask.DAL\SocketTask.DAL.csproj", "{D1A99512-D846-4E68-B4FB-E50DB10666C3}"
EndProject
Global
	GlobalSection(SolutionConfigurationPlatforms) = preSolution
		Debug|Any CPU = Debug|Any CPU
		Release|Any CPU = Release|Any CPU
	EndGlobalSection
	GlobalSection(ProjectConfigurationPlatforms) = postSolution
		{2702ADD4-6E64-4244-8231-751D5FF2C20B}.Debug|Any CPU.ActiveCfg = Debug|Any CPU
		{2702ADD4-6E64-4244-8231-751D5FF2C20B}.Debug|Any CPU.Build.0 = Debug|Any CPU
		{2702ADD4-6E64-4244-8231-751D5FF2C20B}.Release|Any CPU.ActiveCfg = Release|Any CPU
		{2702ADD4-6E64-4244-8231-751D5FF2C20B}.Release|Any CPU.Build.0 = Release|Any CPU
		{2FDABFD0-8AA2-4E7E-8B42-363AAECCFCDA}.Debug|Any CPU.ActiveCfg = Debug|Any CPU
		{2FDABFD0-8AA2-4E7E-8B42-363AAECCFCDA}.Debug|Any CPU.Build.0 = Debug|Any CPU
		{2FDABFD0-8AA2-4E7E-8B42-363AAECCFCDA}.Release|Any CPU.ActiveCfg = Release|Any CPU
		{2FDABFD0-8AA2-4E7E-8B42-363AAECCFCDA}.Release|Any CPU.Build.0 = Release|Any CPU
		{C0B73732-F68A-4D68-906F-77CDB89350B7}.Debug|Any CPU.ActiveCfg = Debug|Any CPU
		{C0B73732-F68A-4D68-906F-77CDB89350B7}.Debug|Any CPU.Build.0 = Debug|Any CPU
		{C0B73732-F68A-4D68-906F-77CDB89350B7}.Release|Any CPU.ActiveCfg = Release|Any CPU
		{C0B73732-F68A-4D68-906F-77CDB89350B7}.Release|Any CPU.Build.0 = Release|Any CPU
		{8344412C-A6B9-420F-BDE3-59DB8D67641F}.Debug|Any CPU.ActiveCfg = Debug|Any CPU
		{8344412C-A6B9-420F-BDE3-59DB8D67641F}.Debug|Any CPU.Build.0 = Debug|Any CPU
		{8344412C-A6B9-420F-BDE3-59DB8D67641F}.Release|Any CPU.ActiveCfg = Release|Any CPU
		{8344412C-A6B9-420F-BDE3-59DB8D67641F}.Release|Any CPU.Build.0 = Release|Any CPU
		{D1A99512-D846-4E68-B4FB-E50DB10666C3}.Debug|Any CPU.ActiveCfg = Debug|Any CPU
		{D1A99512-D846-4E68-B4FB-E50DB10666C3}.Debug|Any CPU.Build.0 = Debug|Any CPU
		{D1A99512-D846-4E68-B4FB-E50DB10666C3}.Release|Any CPU.ActiveCfg = Release|Any CPU
		{D1A99512-D846-4E68-B4FB-E50DB10666C3}.Release|Any CPU.Build.0 = Release|Any CPU
	EndGlobalSection
	GlobalSection(SolutionProperties) = preSolution
		HideSolutionNode = FALSE
	EndGlobalSection
	GlobalSection(ExtensibilityGlobals) = postSolution
		SolutionGuid = {EA743E8A-7A20-406C-8BAE-8E8056602AC8}
	EndGlobalSection
EndGlobal
